
Microsoft Visual Studio Solution File, Format Version 12.00
# Visual Studio 15
VisualStudioVersion = 15.0.28010.2026
MinimumVisualStudioVersion = 10.0.40219.1
Project("{FAE04EC0-301F-11D3-BF4B-00C04F79EFBC}") = "CurveSelectionServer", "CurveSelectionServer\CurveSelectionServer.csproj", "{ABBC2E8D-78E7-4CDF-8B42-34F92C582484}"
EndProject
Project("{FAE04EC0-301F-11D3-BF4B-00C04F79EFBC}") = "CurveSelectionClient", "CurveSelectionClient\CurveSelectionClient.csproj", "{F3226D69-51BE-4A49-A01C-C8455A918C9A}"
EndProject
Global
	GlobalSection(SolutionConfigurationPlatforms) = preSolution
		Debug|Any CPU = Debug|Any CPU
		Release|Any CPU = Release|Any CPU
	EndGlobalSection
	GlobalSection(ProjectConfigurationPlatforms) = postSolution
		{ABBC2E8D-78E7-4CDF-8B42-34F92C582484}.Debug|Any CPU.ActiveCfg = Debug|Any CPU
		{ABBC2E8D-78E7-4CDF-8B42-34F92C582484}.Debug|Any CPU.Build.0 = Debug|Any CPU
		{ABBC2E8D-78E7-4CDF-8B42-34F92C582484}.Release|Any CPU.ActiveCfg = Release|Any CPU
		{ABBC2E8D-78E7-4CDF-8B42-34F92C582484}.Release|Any CPU.Build.0 = Release|Any CPU
		{F3226D69-51BE-4A49-A01C-C8455A918C9A}.Debug|Any CPU.ActiveCfg = Debug|Any CPU
		{F3226D69-51BE-4A49-A01C-C8455A918C9A}.Debug|Any CPU.Build.0 = Debug|Any CPU
		{F3226D69-51BE-4A49-A01C-C8455A918C9A}.Release|Any CPU.ActiveCfg = Release|Any CPU
		{F3226D69-51BE-4A49-A01C-C8455A918C9A}.Release|Any CPU.Build.0 = Release|Any CPU
	EndGlobalSection
	GlobalSection(SolutionProperties) = preSolution
		HideSolutionNode = FALSE
	EndGlobalSection
	GlobalSection(ExtensibilityGlobals) = postSolution
		SolutionGuid = {59E26A40-7EE0-430B-9EBF-555775FAC4A5}
	EndGlobalSection
EndGlobal
